
Microsoft Visual Studio Solution File, Format Version 12.00
# 
Project("{FAE04EC0-301F-11D3-BF4B-00C04F79EFBC}") = "JobHunter", "JobHunter\JobHunter.csproj", "{FAD1F41F-EC98-440B-8FC1-3BAC1142662E}"
EndProject
Project("{FAE04EC0-301F-11D3-BF4B-00C04F79EFBC}") = "JobHunter.Tests", "JobHunter.Tests\JobHunter.Tests.csproj", "{695F6E03-9810-4F9E-86FB-463379BD0A4B}"
EndProject
Global
	GlobalSection(SolutionConfigurationPlatforms) = preSolution
		Debug|Any CPU = Debug|Any CPU
		Release|Any CPU = Release|Any CPU
	EndGlobalSection
	GlobalSection(ProjectConfigurationPlatforms) = postSolution
		{FAD1F41F-EC98-440B-8FC1-3BAC1142662E}.Debug|Any CPU.ActiveCfg = Debug|Any CPU
		{FAD1F41F-EC98-440B-8FC1-3BAC1142662E}.Debug|Any CPU.Build.0 = Debug|Any CPU
		{FAD1F41F-EC98-440B-8FC1-3BAC1142662E}.Release|Any CPU.ActiveCfg = Release|Any CPU
		{FAD1F41F-EC98-440B-8FC1-3BAC1142662E}.Release|Any CPU.Build.0 = Release|Any CPU
		{695F6E03-9810-4F9E-86FB-463379BD0A4B}.Debug|Any CPU.ActiveCfg = Debug|Any CPU
		{695F6E03-9810-4F9E-86FB-463379BD0A4B}.Debug|Any CPU.Build.0 = Debug|Any CPU
		{695F6E03-9810-4F9E-86FB-463379BD0A4B}.Release|Any CPU.ActiveCfg = Release|Any CPU
		{695F6E03-9810-4F9E-86FB-463379BD0A4B}.Release|Any CPU.Build.0 = Release|Any CPU
	EndGlobalSection
EndGlobal
